
Microsoft Visual Studio Solution File, Format Version 12.00
# Visual Studio 15
Project("{FAE04EC0-301F-11D3-BF4B-00C04F79EFBC}") = "Assembly-CSharp", "Assembly-CSharp.csproj", "{DC449FD5-A94F-6570-FB2D-3500E663EAE4}"
EndProject
Global
	GlobalSection(SolutionConfigurationPlatforms) = preSolution
		Debug|Any CPU = Debug|Any CPU
		Release|Any CPU = Release|Any CPU
	EndGlobalSection
	GlobalSection(ProjectConfigurationPlatforms) = postSolution
		{DC449FD5-A94F-6570-FB2D-3500E663EAE4}.Debug|Any CPU.ActiveCfg = Debug|Any CPU
		{DC449FD5-A94F-6570-FB2D-3500E663EAE4}.Debug|Any CPU.Build.0 = Debug|Any CPU
		{DC449FD5-A94F-6570-FB2D-3500E663EAE4}.Release|Any CPU.ActiveCfg = Release|Any CPU
		{DC449FD5-A94F-6570-FB2D-3500E663EAE4}.Release|Any CPU.Build.0 = Release|Any CPU
	EndGlobalSection
	GlobalSection(SolutionProperties) = preSolution
		HideSolutionNode = FALSE
	EndGlobalSection
EndGlobal
